
Microsoft Visual Studio Solution File, Format Version 12.00
# Visual Studio Version 16
VisualStudioVersion = 16.0.30114.105
MinimumVisualStudioVersion = 10.0.40219.1
Project("{F2A71F9B-5D33-465A-A702-920D77279786}") = "HOL2.Console", "HOL2.Console\HOL2.Console.fsproj", "{FB7A3DD3-3003-44E5-8992-6FB2FF3D8556}"
EndProject
Project("{F2A71F9B-5D33-465A-A702-920D77279786}") = "HOL2.Tests", "HOL2.Tests\HOL2.Tests.fsproj", "{B076D2E1-FFA9-4241-8E01-83AA5726EFF8}"
EndProject
Global
	GlobalSection(SolutionConfigurationPlatforms) = preSolution
		Debug|Any CPU = Debug|Any CPU
		Release|Any CPU = Release|Any CPU
	EndGlobalSection
	GlobalSection(SolutionProperties) = preSolution
		HideSolutionNode = FALSE
	EndGlobalSection
	GlobalSection(ProjectConfigurationPlatforms) = postSolution
		{FB7A3DD3-3003-44E5-8992-6FB2FF3D8556}.Debug|Any CPU.ActiveCfg = Debug|Any CPU
		{FB7A3DD3-3003-44E5-8992-6FB2FF3D8556}.Debug|Any CPU.Build.0 = Debug|Any CPU
		{FB7A3DD3-3003-44E5-8992-6FB2FF3D8556}.Release|Any CPU.ActiveCfg = Release|Any CPU
		{FB7A3DD3-3003-44E5-8992-6FB2FF3D8556}.Release|Any CPU.Build.0 = Release|Any CPU
		{B076D2E1-FFA9-4241-8E01-83AA5726EFF8}.Debug|Any CPU.ActiveCfg = Debug|Any CPU
		{B076D2E1-FFA9-4241-8E01-83AA5726EFF8}.Debug|Any CPU.Build.0 = Debug|Any CPU
		{B076D2E1-FFA9-4241-8E01-83AA5726EFF8}.Release|Any CPU.ActiveCfg = Release|Any CPU
		{B076D2E1-FFA9-4241-8E01-83AA5726EFF8}.Release|Any CPU.Build.0 = Release|Any CPU
	EndGlobalSection
EndGlobal
